Microsoft Visual Studio Solution File, Format Version 12.00
Project("{FAE04EC0-301F-11D3-BF4B-00C04F79EFBC}") = "CosmereScadrial", "CosmereScadrial\CosmereScadrial\CosmereScadrial.csproj", "{6FB30E55-8B7A-4E51-99D6-D110854999AB}"
	ProjectSection(ProjectDependencies) = postProject
		{5F1D8C6D-E127-4001-A575-E56D99DF271F} = {5F1D8C6D-E127-4001-A575-E56D99DF271F}
	EndProjectSection
EndProject
Project("{FAE04EC0-301F-11D3-BF4B-00C04F79EFBC}") = "CosmereCore", "CosmereCore\CosmereCore\CosmereCore.csproj", "{5F1D8C6D-E127-4001-A575-E56D99DF271F}"
EndProject
Project("{FAE04EC0-301F-11D3-BF4B-00C04F79EFBC}") = "CosmereFramework", "CosmereFramework\CosmereFramework\CosmereFramework.csproj", "{8A92DBAF-9F90-4A16-89E1-B16A11740017}"
EndProject
Project("{FAE04EC0-301F-11D3-BF4B-00C04F79EFBC}") = "CosmereResources", "CosmereResources\CosmereResources\CosmereResources.csproj", "{69B78F0C-63E1-47A1-9FD4-B5CCE63D727F}"
EndProject
Project("{FAE04EC0-301F-11D3-BF4B-00C04F79EFBC}") = "DevTools", "DevTools\DevTools\DevTools.csproj", "{CBD9893C-47BE-405E-89F7-2342F47D26BC}"
EndProject
Global
	GlobalSection(SolutionConfigurationPlatforms) = preSolution
		Debug|Any CPU = Debug|Any CPU
		Release|Any CPU = Release|Any CPU
	EndGlobalSection
	GlobalSection(ProjectConfigurationPlatforms) = postSolution
		
		{6FB30E55-8B7A-4E51-99D6-D110854999AB}.Debug|Any CPU.ActiveCfg = Debug|Any CPU
		{6FB30E55-8B7A-4E51-99D6-D110854999AB}.Debug|Any CPU.Build.0 = Debug|Any CPU
		{6FB30E55-8B7A-4E51-99D6-D110854999AB}.Release|Any CPU.ActiveCfg = Debug|Any CPU
		{6FB30E55-8B7A-4E51-99D6-D110854999AB}.Release|Any CPU.Build.0 = Debug|Any CPU
		
		{5F1D8C6D-E127-4001-A575-E56D99DF271F}.Debug|Any CPU.ActiveCfg = Debug|Any CPU
		{5F1D8C6D-E127-4001-A575-E56D99DF271F}.Debug|Any CPU.Build.0 = Debug|Any CPU
		{5F1D8C6D-E127-4001-A575-E56D99DF271F}.Release|Any CPU.ActiveCfg = Debug|Any CPU
		{5F1D8C6D-E127-4001-A575-E56D99DF271F}.Release|Any CPU.Build.0 = Debug|Any CPU
		
								{69B78F0C-63E1-47A1-9FD4-B5CCE63D727F}.Debug|Any CPU.ActiveCfg = Debug|Any CPU
								{69B78F0C-63E1-47A1-9FD4-B5CCE63D727F}.Debug|Any CPU.Build.0 = Debug|Any CPU
								{69B78F0C-63E1-47A1-9FD4-B5CCE63D727F}.Release|Any CPU.ActiveCfg = Debug|Any CPU
								{69B78F0C-63E1-47A1-9FD4-B5CCE63D727F}.Release|Any CPU.Build.0 = Debug|Any CPU
		{8A92DBAF-9F90-4A16-89E1-B16A11740017}.Debug|Any CPU.ActiveCfg = Debug|Any CPU
		{8A92DBAF-9F90-4A16-89E1-B16A11740017}.Debug|Any CPU.Build.0 = Debug|Any CPU
		{CBD9893C-47BE-405E-89F7-2342F47D26BC}.Debug|Any CPU.ActiveCfg = Debug|Any CPU
		{CBD9893C-47BE-405E-89F7-2342F47D26BC}.Debug|Any CPU.Build.0 = Debug|Any CPU
		{CBD9893C-47BE-405E-89F7-2342F47D26BC}.Release|Any CPU.ActiveCfg = Release|Any CPU
		{CBD9893C-47BE-405E-89F7-2342F47D26BC}.Release|Any CPU.Build.0 = Release|Any CPU
	EndGlobalSection
EndGlobal
